PATH
  remote: .
  specs:
    edge_rider (0.3.3)
      activerecord

GEM
  remote: https://rubygems.org/
  specs:
    activemodel (3.2.22)
      activesupport (= 3.2.22)
      builder (~> 3.0.0)
    activerecord (3.2.22)
      activemodel (= 3.2.22)
      activesupport (= 3.2.22)
      arel (~> 3.0.2)
      tzinfo (~> 0.3.29)
    activesupport (3.2.22)
      i18n (~> 0.6, >= 0.6.4)
      multi_json (~> 1.0)
    arel (3.0.3)
    builder (3.0.4)
    database_cleaner (1.0.1)
    diff-lcs (1.2.5)
    gemika (0.3.2)
    has_defaults (0.4.4)
      activerecord
    i18n (0.6.11)
    multi_json (1.12.1)
    mysql2 (0.3.17)
    rake (10.0.4)
    rspec (3.5.0)
      rspec-core (~> 3.5.0)
      rspec-expectations (~> 3.5.0)
      rspec-mocks (~> 3.5.0)
    rspec-core (3.5.3)
      rspec-support (~> 3.5.0)
    rspec-expectations (3.5.0)
      diff-lcs (>= 1.2.0, < 2.0)
      rspec-support (~> 3.5.0)
    rspec-mocks (3.5.0)
      diff-lcs (>= 1.2.0, < 2.0)
      rspec-support (~> 3.5.0)
    rspec-support (3.5.0)
    tzinfo (0.3.51)

PLATFORMS
  ruby

DEPENDENCIES
  activerecord (= 3.2.22)
  database_cleaner
  edge_rider!
  gemika (>= 0.2.0)
  has_defaults
  i18n (= 0.6.11)
  mysql2 (= 0.3.17)
  rake (= 10.0.4)
  rspec (~> 3.4)

BUNDLED WITH
   1.17.3
